
Microsoft Visual Studio Solution File, Format Version 12.00
# Visual Studio Version 17
VisualStudioVersion = 17.0.31903.59
MinimumVisualStudioVersion = 10.0.40219.1
Project("{2150E333-8FDC-42A3-9474-1A3956D46DE8}") = "src", "src", "{5D31B77D-ECCD-42AB-8DE8-51BC3B1D88A9}"
EndProject
Project("{FAE04EC0-301F-11D3-BF4B-00C04F79EFBC}") = "MasterNet.WebApi", "src\MasterNet.WebApi\MasterNet.WebApi.csproj", "{9CB550A4-9580-4701-9C7A-0EDDED465D59}"
EndProject
Project("{FAE04EC0-301F-11D3-BF4B-00C04F79EFBC}") = "MasterNet.Domain", "src\MasterNet.Domain\MasterNet.Domain.csproj", "{863A5EC9-B44C-4EE1-8D6D-9B43D41EAF82}"
EndProject
Project("{FAE04EC0-301F-11D3-BF4B-00C04F79EFBC}") = "MasterNet.Persistence", "src\MasterNet.Persistence\MasterNet.Persistence.csproj", "{031B03E0-EF3E-4D13-8FE4-EDD0706DB08D}"
EndProject
Global
	GlobalSection(SolutionConfigurationPlatforms) = preSolution
		Debug|Any CPU = Debug|Any CPU
		Release|Any CPU = Release|Any CPU
	EndGlobalSection
	GlobalSection(SolutionProperties) = preSolution
		HideSolutionNode = FALSE
	EndGlobalSection
	GlobalSection(ProjectConfigurationPlatforms) = postSolution
		{9CB550A4-9580-4701-9C7A-0EDDED465D59}.Debug|Any CPU.ActiveCfg = Debug|Any CPU
		{9CB550A4-9580-4701-9C7A-0EDDED465D59}.Debug|Any CPU.Build.0 = Debug|Any CPU
		{9CB550A4-9580-4701-9C7A-0EDDED465D59}.Release|Any CPU.ActiveCfg = Release|Any CPU
		{9CB550A4-9580-4701-9C7A-0EDDED465D59}.Release|Any CPU.Build.0 = Release|Any CPU
		{863A5EC9-B44C-4EE1-8D6D-9B43D41EAF82}.Debug|Any CPU.ActiveCfg = Debug|Any CPU
		{863A5EC9-B44C-4EE1-8D6D-9B43D41EAF82}.Debug|Any CPU.Build.0 = Debug|Any CPU
		{863A5EC9-B44C-4EE1-8D6D-9B43D41EAF82}.Release|Any CPU.ActiveCfg = Release|Any CPU
		{863A5EC9-B44C-4EE1-8D6D-9B43D41EAF82}.Release|Any CPU.Build.0 = Release|Any CPU
		{031B03E0-EF3E-4D13-8FE4-EDD0706DB08D}.Debug|Any CPU.ActiveCfg = Debug|Any CPU
		{031B03E0-EF3E-4D13-8FE4-EDD0706DB08D}.Debug|Any CPU.Build.0 = Debug|Any CPU
		{031B03E0-EF3E-4D13-8FE4-EDD0706DB08D}.Release|Any CPU.ActiveCfg = Release|Any CPU
		{031B03E0-EF3E-4D13-8FE4-EDD0706DB08D}.Release|Any CPU.Build.0 = Release|Any CPU
	EndGlobalSection
	GlobalSection(NestedProjects) = preSolution
		{9CB550A4-9580-4701-9C7A-0EDDED465D59} = {5D31B77D-ECCD-42AB-8DE8-51BC3B1D88A9}
		{863A5EC9-B44C-4EE1-8D6D-9B43D41EAF82} = {5D31B77D-ECCD-42AB-8DE8-51BC3B1D88A9}
		{031B03E0-EF3E-4D13-8FE4-EDD0706DB08D} = {5D31B77D-ECCD-42AB-8DE8-51BC3B1D88A9}
	EndGlobalSection
EndGlobal
